
Microsoft Visual Studio Solution File, Format Version 12.00
# Visual Studio Version 17
VisualStudioVersion = 17.9.34607.119
MinimumVisualStudioVersion = 10.0.40219.1
Project("{FAE04EC0-301F-11D3-BF4B-00C04F79EFBC}") = "TechnoToolBlogWeb", "TechnoToolBlogWeb\TechnoToolBlogWeb.csproj", "{9CD501DF-0369-483A-A76B-C928C334BB4F}"
EndProject
Project("{FAE04EC0-301F-11D3-BF4B-00C04F79EFBC}") = "VeriErisimKatmani", "VeriErisimKatmani\VeriErisimKatmani.csproj", "{4F0DD9D9-E01A-42BF-97F3-F32BE56C9F27}"
EndProject
Global
	GlobalSection(SolutionConfigurationPlatforms) = preSolution
		Debug|Any CPU = Debug|Any CPU
		Release|Any CPU = Release|Any CPU
	EndGlobalSection
	GlobalSection(ProjectConfigurationPlatforms) = postSolution
		{9CD501DF-0369-483A-A76B-C928C334BB4F}.Debug|Any CPU.ActiveCfg = Debug|Any CPU
		{9CD501DF-0369-483A-A76B-C928C334BB4F}.Debug|Any CPU.Build.0 = Debug|Any CPU
		{9CD501DF-0369-483A-A76B-C928C334BB4F}.Release|Any CPU.ActiveCfg = Release|Any CPU
		{9CD501DF-0369-483A-A76B-C928C334BB4F}.Release|Any CPU.Build.0 = Release|Any CPU
		{4F0DD9D9-E01A-42BF-97F3-F32BE56C9F27}.Debug|Any CPU.ActiveCfg = Debug|Any CPU
		{4F0DD9D9-E01A-42BF-97F3-F32BE56C9F27}.Debug|Any CPU.Build.0 = Debug|Any CPU
		{4F0DD9D9-E01A-42BF-97F3-F32BE56C9F27}.Release|Any CPU.ActiveCfg = Release|Any CPU
		{4F0DD9D9-E01A-42BF-97F3-F32BE56C9F27}.Release|Any CPU.Build.0 = Release|Any CPU
	EndGlobalSection
	GlobalSection(SolutionProperties) = preSolution
		HideSolutionNode = FALSE
	EndGlobalSection
	GlobalSection(ExtensibilityGlobals) = postSolution
		SolutionGuid = {F767D876-477B-44A5-BC9F-62409C663A28}
	EndGlobalSection
EndGlobal
